{
  "requires": true,
  "lockfileVersion": 1,
  "dependencies": {
    "@syncfusion/ej2-angular-base": {
      "version": "17.2.39",
      "resolved": "https://registry.npmjs.org/@syncfusion/ej2-angular-base/-/ej2-angular-base-17.2.39.tgz",
      "integrity": "sha512-lFW4jn66q44WFQtwY4ql9u0i28VW2CJjbo39OJr99vDasHTZvUuEZD/7+Y8l6r0vHIrBJAISDYAO9f3LiNehGg==",
      "requires": {
        "@syncfusion/ej2-base": "~17.2.39",
        "core-js": "^2.4.1",
        "reflect-metadata": "^0.1.9",
        "rxjs": "^5.0.0",
        "zone.js": "^0.7.2"
      }
    },
    "@syncfusion/ej2-angular-schedule": {
      "version": "17.2.41",
      "resolved": "https://registry.npmjs.org/@syncfusion/ej2-angular-schedule/-/ej2-angular-schedule-17.2.41.tgz",
      "integrity": "sha512-iXfD8y0wGXrlEIVWoTOA2KU4HvzJVj6rvHBAN3XBpQUXuh+8lkdVPZ8EDDMSR40+ALxCBO+qS1iyNoCqjnBkHA==",
      "requires": {
        "@syncfusion/ej2-angular-base": "~17.2.39",
        "@syncfusion/ej2-base": "~17.2.40",
        "@syncfusion/ej2-schedule": "17.2.41"
      }
    },
    "@syncfusion/ej2-base": {
      "version": "17.2.40",
      "resolved": "https://registry.npmjs.org/@syncfusion/ej2-base/-/ej2-base-17.2.40.tgz",
      "integrity": "sha512-4kSCfQjznzRTPrzmS9sxlXjKUxfGkw3BCKsfljXdfM7QsljTNTQDZxcyMXcr3sESqNSJfq3MKr8wJfvZTnP6pg==",
      "requires": {
        "@syncfusion/ej2-icons": "~17.2.34"
      }
    },
    "@syncfusion/ej2-buttons": {
      "version": "17.2.35",
      "resolved": "https://registry.npmjs.org/@syncfusion/ej2-buttons/-/ej2-buttons-17.2.35.tgz",
      "integrity": "sha512-pOJzWjznSIc6A10STGooCQC7PeUYbwHOC+dBC5aylULS/5qO72RkrjJZIN5XbWBbHI39SRYNeK5QsUAx6sCcow==",
      "requires": {
        "@syncfusion/ej2-base": "~17.2.34"
      }
    },
    "@syncfusion/ej2-calendars": {
      "version": "17.2.41",
      "resolved": "https://registry.npmjs.org/@syncfusion/ej2-calendars/-/ej2-calendars-17.2.41.tgz",
      "integrity": "sha512-9aTWIim5qDk5qe9czl7ukbvGnGE5PJ6jnL2CmzCNXBbwqplf7k/D4hlp3vdIRNqgmo8lEYpyIRevOXVi55pOHg==",
      "requires": {
        "@syncfusion/ej2-base": "~17.2.40",
        "@syncfusion/ej2-buttons": "~17.2.35",
        "@syncfusion/ej2-inputs": "~17.2.41",
        "@syncfusion/ej2-lists": "~17.2.34",
        "@syncfusion/ej2-popups": "~17.2.35"
      }
    },
    "@syncfusion/ej2-compression": {
      "version": "17.2.34",
      "resolved": "https://registry.npmjs.org/@syncfusion/ej2-compression/-/ej2-compression-17.2.34.tgz",
      "integrity": "sha512-x07dVDPhtwpvZVR1gXIUMzfHovBBBG1jkuWe9ni8KpyRidTd+8HnoBPvCSKm0vAXNVQA5lmKXrEBmR2llekA9A==",
      "requires": {
        "@syncfusion/ej2-file-utils": "~17.2.34"
      }
    },
    "@syncfusion/ej2-data": {
      "version": "17.2.39",
      "resolved": "https://registry.npmjs.org/@syncfusion/ej2-data/-/ej2-data-17.2.39.tgz",
      "integrity": "sha512-6wqtXO1Nnw4Ulzk4XSmITz8r0PotC0WesZDJiXOSGSdx5cKzKHkD9gIM+6ivFcARE1GPHUSkeu4PXhq+TuapBQ==",
      "requires": {
        "@syncfusion/ej2-base": "~17.2.39"
      }
    },
    "@syncfusion/ej2-dropdowns": {
      "version": "17.2.41",
      "resolved": "https://registry.npmjs.org/@syncfusion/ej2-dropdowns/-/ej2-dropdowns-17.2.41.tgz",
      "integrity": "sha512-FJWBV56IU+tRvmzaEVSiA87LxRQtLA+fr682c715jQfpZbEeZmoLA5a5flhflOvZ8gQdr8AR0nw78IvfFWnGig==",
      "requires": {
        "@syncfusion/ej2-base": "~17.2.40",
        "@syncfusion/ej2-data": "~17.2.39",
        "@syncfusion/ej2-inputs": "~17.2.41",
        "@syncfusion/ej2-lists": "~17.2.34",
        "@syncfusion/ej2-popups": "~17.2.35"
      }
    },
    "@syncfusion/ej2-excel-export": {
      "version": "17.2.34",
      "resolved": "https://registry.npmjs.org/@syncfusion/ej2-excel-export/-/ej2-excel-export-17.2.34.tgz",
      "integrity": "sha512-v2DAp9blC4RNqCxiJ3nWzGneLfabQ9xeGWDXzPKk9iN5hiG6pEMuif9q+Oy+Aa7YUYuKv4uCYa+numAjpov3mg==",
      "requires": {
        "@syncfusion/ej2-base": "~17.2.34",
        "@syncfusion/ej2-compression": "~17.2.34"
      }
    },
    "@syncfusion/ej2-file-utils": {
      "version": "17.2.34",
      "resolved": "https://registry.npmjs.org/@syncfusion/ej2-file-utils/-/ej2-file-utils-17.2.34.tgz",
      "integrity": "sha512-H33am/0eqhlUgZZou9+nCj+K5M4yEHSqko5+AyitK5PqrzAYm/yeFFuI5mIPUXB2NNnQ3abFU050uKtjS1TEqA=="
    },
    "@syncfusion/ej2-icons": {
      "version": "17.2.34",
      "resolved": "https://registry.npmjs.org/@syncfusion/ej2-icons/-/ej2-icons-17.2.34.tgz",
      "integrity": "sha512-AuE0EEQPX4PyTu253DW9MvADNmDsrXjsLurfKktxBO8PnClspSaXBxBwnBnnEkRkpJtmKlWK0F84sUkScNagFA=="
    },
    "@syncfusion/ej2-inputs": {
      "version": "17.2.41",
      "resolved": "https://registry.npmjs.org/@syncfusion/ej2-inputs/-/ej2-inputs-17.2.41.tgz",
      "integrity": "sha512-zovjeu5WDFGNn4OVgDoiQhCV/QtGsXEnUULAnSV5y5zd4/xG6CJZkYbuvyr+/+xbC78Tvd5eKLBUH84tuwaEGw==",
      "requires": {
        "@syncfusion/ej2-base": "~17.2.40",
        "@syncfusion/ej2-buttons": "~17.2.35",
        "@syncfusion/ej2-popups": "~17.2.35",
        "@syncfusion/ej2-splitbuttons": "~17.2.40"
      }
    },
    "@syncfusion/ej2-lists": {
      "version": "17.2.34",
      "resolved": "https://registry.npmjs.org/@syncfusion/ej2-lists/-/ej2-lists-17.2.34.tgz",
      "integrity": "sha512-JtQ6md2SQE4+xTqv2HSHtWYUI3xTBiQoFztEHyGobphlUv6IYRnmFgmmBJ07KZffnvqBi5LgIWB5mNFbEx8pYQ==",
      "requires": {
        "@syncfusion/ej2-base": "~17.2.34",
        "@syncfusion/ej2-buttons": "~17.2.34",
        "@syncfusion/ej2-data": "~17.2.34"
      }
    },
    "@syncfusion/ej2-navigations": {
      "version": "17.2.41",
      "resolved": "https://registry.npmjs.org/@syncfusion/ej2-navigations/-/ej2-navigations-17.2.41.tgz",
      "integrity": "sha512-0/rIvlQoqHPAnDDCThxGjqvkujlmo1wbkj73gyOcjt+m9T6OfLX5KPPa0nM10i0qQ5u1+i5jurtR+tyLeRWGYQ==",
      "requires": {
        "@syncfusion/ej2-base": "~17.2.40",
        "@syncfusion/ej2-buttons": "~17.2.35",
        "@syncfusion/ej2-data": "~17.2.39",
        "@syncfusion/ej2-inputs": "~17.2.41",
        "@syncfusion/ej2-lists": "~17.2.34",
        "@syncfusion/ej2-popups": "~17.2.35"
      }
    },
    "@syncfusion/ej2-popups": {
      "version": "17.2.35",
      "resolved": "https://registry.npmjs.org/@syncfusion/ej2-popups/-/ej2-popups-17.2.35.tgz",
      "integrity": "sha512-kwb5XZYVVzhwGO7J55rnuiL+e6jv4BX8zEhDhNRD5p0cUG3EkXu1dXAQgszU/TtJTuX/ZfpTQXrwJqt7XNUEoA==",
      "requires": {
        "@syncfusion/ej2-base": "~17.2.34",
        "@syncfusion/ej2-buttons": "~17.2.35"
      }
    },
    "@syncfusion/ej2-schedule": {
      "version": "17.2.41",
      "resolved": "https://registry.npmjs.org/@syncfusion/ej2-schedule/-/ej2-schedule-17.2.41.tgz",
      "integrity": "sha512-fmfpHzivm68ANZqZrgeDfxZS4bX8iCS0l/3lb6cJh5cuHhvY8tu15SKE1IaiP0suH4btvhmXwLodoI4M2nwxCg==",
      "requires": {
        "@syncfusion/ej2-base": "~17.2.40",
        "@syncfusion/ej2-buttons": "~17.2.35",
        "@syncfusion/ej2-calendars": "~17.2.41",
        "@syncfusion/ej2-data": "~17.2.39",
        "@syncfusion/ej2-dropdowns": "~17.2.41",
        "@syncfusion/ej2-excel-export": "~17.2.34",
        "@syncfusion/ej2-inputs": "~17.2.41",
        "@syncfusion/ej2-lists": "~17.2.34",
        "@syncfusion/ej2-navigations": "~17.2.41",
        "@syncfusion/ej2-popups": "~17.2.35"
      }
    },
    "@syncfusion/ej2-splitbuttons": {
      "version": "17.2.40",
      "resolved": "https://registry.npmjs.org/@syncfusion/ej2-splitbuttons/-/ej2-splitbuttons-17.2.40.tgz",
      "integrity": "sha512-iwcNVoskL1sCbfW9JOeGqOZwQ9tflAC+GKr5++DmYvXoYy5nsI8vxoFV+bUj1e8ieLobvD3l/LewK7h4/x69zA==",
      "requires": {
        "@syncfusion/ej2-base": "~17.2.40",
        "@syncfusion/ej2-popups": "~17.2.35"
      }
    },
    "bootstrap": {
      "version": "4.3.1",
      "resolved": "https://registry.npmjs.org/bootstrap/-/bootstrap-4.3.1.tgz",
      "integrity": "sha512-rXqOmH1VilAt2DyPzluTi2blhk17bO7ef+zLLPlWvG494pDxcM234pJ8wTc/6R40UWizAIIMgxjvxZg5kmsbag=="
    },
    "core-js": {
      "version": "2.6.9",
      "resolved": "https://registry.npmjs.org/core-js/-/core-js-2.6.9.tgz",
      "integrity": "sha512-HOpZf6eXmnl7la+cUdMnLvUxKNqLUzJvgIziQ0DiF3JwSImNphIqdGqzj6hIKyX04MmV0poclQ7+wjWvxQyR2A=="
    },
    "jquery": {
      "version": "3.4.1",
      "resolved": "https://registry.npmjs.org/jquery/-/jquery-3.4.1.tgz",
      "integrity": "sha512-36+AdBzCL+y6qjw5Tx7HgzeGCzC81MDDgaUP8ld2zhx58HdqXGoBd+tHdrBMiyjGQs0Hxs/MLZTu/eHNJJuWPw=="
    },
    "popper.js": {
      "version": "1.15.0",
      "resolved": "https://registry.npmjs.org/popper.js/-/popper.js-1.15.0.tgz",
      "integrity": "sha512-w010cY1oCUmI+9KwwlWki+r5jxKfTFDVoadl7MSrIujHU5MJ5OR6HTDj6Xo8aoR/QsA56x8jKjA59qGH4ELtrA=="
    },
    "reflect-metadata": {
      "version": "0.1.13",
      "resolved": "https://registry.npmjs.org/reflect-metadata/-/reflect-metadata-0.1.13.tgz",
      "integrity": "sha512-Ts1Y/anZELhSsjMcU605fU9RE4Oi3p5ORujwbIKXfWa+0Zxs510Qrmrce5/Jowq3cHSZSJqBjypxmHarc+vEWg=="
    },
    "rxjs": {
      "version": "5.5.12",
      "resolved": "https://registry.npmjs.org/rxjs/-/rxjs-5.5.12.tgz",
      "integrity": "sha512-xx2itnL5sBbqeeiVgNPVuQQ1nC8Jp2WfNJhXWHmElW9YmrpS9UVnNzhP3EH3HFqexO5Tlp8GhYY+WEcqcVMvGw==",
      "requires": {
        "symbol-observable": "1.0.1"
      }
    },
    "symbol-observable": {
      "version": "1.0.1",
      "resolved": "https://registry.npmjs.org/symbol-observable/-/symbol-observable-1.0.1.tgz",
      "integrity": "sha1-g0D8RwLDEi310iKI+IKD9RPT/dQ="
    },
    "zone.js": {
      "version": "0.7.8",
      "resolved": "https://registry.npmjs.org/zone.js/-/zone.js-0.7.8.tgz",
      "integrity": "sha1-Tz/og01EWX8mOQU6D6Q43zT//e0="
    }
  }
}
